
Microsoft Visual Studio Solution File, Format Version 12.00
# Visual Studio Version 17
Project("{2150E333-8FDC-42A3-9474-1A3956D46DE8}") = "CMakePredefinedTargets", "CMakePredefinedTargets", "{42107E6C-1D01-359D-975D-9E01F4A0EC6F}"
EndProject
Project("{8BC9CEB8-8B4A-11D0-8D11-00A0C91BC942}") = "ALL_BUILD", "ALL_BUILD.vcxproj", "{C0268DC6-936B-3D8E-9D10-86DBA4B8813F}"
	ProjectSection(ProjectDependencies) = postProject
		{AFAAC66D-29AF-38CB-B1E4-706CAEB0894F} = {AFAAC66D-29AF-38CB-B1E4-706CAEB0894F}
		{7984D721-D0F2-3B25-A361-7C44AB658FC6} = {7984D721-D0F2-3B25-A361-7C44AB658FC6}
	EndProjectSection
EndProject
Project("{8BC9CEB8-8B4A-11D0-8D11-00A0C91BC942}") = "CatCPU", "CatCPU.vcxproj", "{AFAAC66D-29AF-38CB-B1E4-706CAEB0894F}"
	ProjectSection(ProjectDependencies) = postProject
		{7984D721-D0F2-3B25-A361-7C44AB658FC6} = {7984D721-D0F2-3B25-A361-7C44AB658FC6}
	EndProjectSection
EndProject
Project("{8BC9CEB8-8B4A-11D0-8D11-00A0C91BC942}") = "ZERO_CHECK", "ZERO_CHECK.vcxproj", "{7984D721-D0F2-3B25-A361-7C44AB658FC6}"
	ProjectSection(ProjectDependencies) = postProject
	EndProjectSection
EndProject
Global
	GlobalSection(SolutionConfigurationPlatforms) = preSolution
		Debug|x64 = Debug|x64
		Release|x64 = Release|x64
		MinSizeRel|x64 = MinSizeRel|x64
		RelWithDebInfo|x64 = RelWithDebInfo|x64
	EndGlobalSection
	GlobalSection(ProjectConfigurationPlatforms) = postSolution
		{C0268DC6-936B-3D8E-9D10-86DBA4B8813F}.Debug|x64.ActiveCfg = Debug|x64
		{C0268DC6-936B-3D8E-9D10-86DBA4B8813F}.Release|x64.ActiveCfg = Release|x64
		{C0268DC6-936B-3D8E-9D10-86DBA4B8813F}.MinSizeRel|x64.ActiveCfg = MinSizeRel|x64
		{C0268DC6-936B-3D8E-9D10-86DBA4B8813F}.RelWithDebInfo|x64.ActiveCfg = RelWithDebInfo|x64
		{AFAAC66D-29AF-38CB-B1E4-706CAEB0894F}.Debug|x64.ActiveCfg = Debug|x64
		{AFAAC66D-29AF-38CB-B1E4-706CAEB0894F}.Debug|x64.Build.0 = Debug|x64
		{AFAAC66D-29AF-38CB-B1E4-706CAEB0894F}.Release|x64.ActiveCfg = Release|x64
		{AFAAC66D-29AF-38CB-B1E4-706CAEB0894F}.Release|x64.Build.0 = Release|x64
		{AFAAC66D-29AF-38CB-B1E4-706CAEB0894F}.MinSizeRel|x64.ActiveCfg = MinSizeRel|x64
		{AFAAC66D-29AF-38CB-B1E4-706CAEB0894F}.MinSizeRel|x64.Build.0 = MinSizeRel|x64
		{AFAAC66D-29AF-38CB-B1E4-706CAEB0894F}.RelWithDebInfo|x64.ActiveCfg = RelWithDebInfo|x64
		{AFAAC66D-29AF-38CB-B1E4-706CAEB0894F}.RelWithDebInfo|x64.Build.0 = RelWithDebInfo|x64
		{7984D721-D0F2-3B25-A361-7C44AB658FC6}.Debug|x64.ActiveCfg = Debug|x64
		{7984D721-D0F2-3B25-A361-7C44AB658FC6}.Debug|x64.Build.0 = Debug|x64
		{7984D721-D0F2-3B25-A361-7C44AB658FC6}.Release|x64.ActiveCfg = Release|x64
		{7984D721-D0F2-3B25-A361-7C44AB658FC6}.Release|x64.Build.0 = Release|x64
		{7984D721-D0F2-3B25-A361-7C44AB658FC6}.MinSizeRel|x64.ActiveCfg = MinSizeRel|x64
		{7984D721-D0F2-3B25-A361-7C44AB658FC6}.MinSizeRel|x64.Build.0 = MinSizeRel|x64
		{7984D721-D0F2-3B25-A361-7C44AB658FC6}.RelWithDebInfo|x64.ActiveCfg = RelWithDebInfo|x64
		{7984D721-D0F2-3B25-A361-7C44AB658FC6}.RelWithDebInfo|x64.Build.0 = RelWithDebInfo|x64
	EndGlobalSection
	GlobalSection(NestedProjects) = preSolution
		{C0268DC6-936B-3D8E-9D10-86DBA4B8813F} = {42107E6C-1D01-359D-975D-9E01F4A0EC6F}
		{7984D721-D0F2-3B25-A361-7C44AB658FC6} = {42107E6C-1D01-359D-975D-9E01F4A0EC6F}
	EndGlobalSection
	GlobalSection(ExtensibilityGlobals) = postSolution
		SolutionGuid = {13308333-0BB6-3355-B05E-EF4F5B4D063D}
	EndGlobalSection
	GlobalSection(ExtensibilityAddIns) = postSolution
	EndGlobalSection
EndGlobal
